{
  "requires": true,
  "lockfileVersion": 1,
  "dependencies": {
    "@cometchat-pro/chat": {
      "version": "3.0.0-beta1",
      "resolved": "https://registry.npmjs.org/@cometchat-pro/chat/-/chat-3.0.0-beta1.tgz",
      "integrity": "sha512-XuuQulYY+nIDdOqMUXBwU6Sw1u39+/euGsGtGzgjx5OBUNHADWs5PGyxEo6wrNsfhsloE1DWHJoLZu6hFCH+2g=="
    }
  }
}
